
Microsoft Visual Studio Solution File, Format Version 12.00
# Visual Studio 15
VisualStudioVersion = 15.0.27130.2036
MinimumVisualStudioVersion = 10.0.40219.1
Project("{9A19103F-16F7-4668-BE54-9A1E7A4F7556}") = "ShoppingPeeker.Utilities", "ShoppingPeeker.Utilities\ShoppingPeeker.Utilities.csproj", "{38DA9C4A-2F9F-4D9C-A69E-26234B34A51C}"
EndProject
Project("{9A19103F-16F7-4668-BE54-9A1E7A4F7556}") = "ShoppingPeeker.Web", "ShoppingPeeker.Web\ShoppingPeeker.Web.csproj", "{03F6E346-6C10-4AB2-A3E5-C5B034DC4F00}"
EndProject
Project("{2150E333-8FDC-42A3-9474-1A3956D46DE8}") = "Unit.Test", "Unit.Test", "{F877357D-C063-4B9E-8A46-EAE186520909}"
EndProject
Project("{2150E333-8FDC-42A3-9474-1A3956D46DE8}") = "Libraries", "Libraries", "{770C2EB9-AAA0-456F-901D-04826637C088}"
EndProject
Project("{9A19103F-16F7-4668-BE54-9A1E7A4F7556}") = "NTCPMessage.Portable", "SocketLibrary\NTCPMSG.Portable\NTCPMessage.Portable.csproj", "{42C160F5-A91C-45E9-BAE5-EA87DA7D6A1D}"
EndProject
Project("{2150E333-8FDC-42A3-9474-1A3956D46DE8}") = "SocketLibrary", "SocketLibrary", "{0A4BA88B-B118-42EF-8FE9-0FE14DB753D5}"
EndProject
Project("{9A19103F-16F7-4668-BE54-9A1E7A4F7556}") = "TCPClientTest", "SocketLibrary\TCPClientTest\TCPClientTest.csproj", "{8B3809F3-75B0-4509-B539-35D3472A368C}"
EndProject
Project("{9A19103F-16F7-4668-BE54-9A1E7A4F7556}") = "TCPServerTest", "SocketLibrary\TCPServerTest\TCPServerTest.csproj", "{98EFA258-8496-4172-AA4D-521D998CE465}"
EndProject
Project("{9A19103F-16F7-4668-BE54-9A1E7A4F7556}") = "ShoppingPeeker.Plugins", "ShoppingPeeker.Plugins\ShoppingPeeker.Plugins.csproj", "{6957713E-23D8-45C6-B2BE-5AD74E0DA36F}"
EndProject
Project("{2150E333-8FDC-42A3-9474-1A3956D46DE8}") = "Plugins", "Plugins", "{7CE5FC32-A3DC-4F18-9DBA-FFA1997D382F}"
EndProject
Project("{9A19103F-16F7-4668-BE54-9A1E7A4F7556}") = "Plugin.Tmall.Extension", "Plugins\Plugin.Tmall.Extension\Plugin.Tmall.Extension.csproj", "{2F67467F-2530-4B1E-94AE-4E933BBDD4BA}"
EndProject
Project("{9A19103F-16F7-4668-BE54-9A1E7A4F7556}") = "Plugin.Taobao.Extension", "Plugins\Plugin.Taobao.Extension\Plugin.Taobao.Extension.csproj", "{203D606F-97FC-4BA5-AAF6-58F2208A66B0}"
EndProject
Project("{9A19103F-16F7-4668-BE54-9A1E7A4F7556}") = "Plugin.Dangdang.Extension", "Plugins\Plugin.Dangdang.Extension\Plugin.Dangdang.Extension.csproj", "{0BEE133C-9001-4C4C-91E8-72CD45AC1408}"
EndProject
Project("{9A19103F-16F7-4668-BE54-9A1E7A4F7556}") = "Plugin.ETao.Extension", "Plugins\Plugin.ETao.Extension\Plugin.ETao.Extension.csproj", "{753E97E9-CB92-4E70-8679-2AE4CAFA06F1}"
EndProject
Project("{9A19103F-16F7-4668-BE54-9A1E7A4F7556}") = "Plugin.Guomei.Extension", "Plugins\Plugin.Guomei.Extension\Plugin.Guomei.Extension.csproj", "{D6F8B678-0C59-46B5-A340-D0FECC7BE12D}"
EndProject
Project("{9A19103F-16F7-4668-BE54-9A1E7A4F7556}") = "Plugin.Jingdong.Extension", "Plugins\Plugin.Jingdong.Extension\Plugin.Jingdong.Extension.csproj", "{8309A2BD-59D7-445A-992F-8B99BB80BBA9}"
EndProject
Project("{9A19103F-16F7-4668-BE54-9A1E7A4F7556}") = "Plugin.Mogujie.Extension", "Plugins\Plugin.Mogujie.Extension\Plugin.Mogujie.Extension.csproj", "{9DBE73C0-EBA7-4B61-97D6-94C5AF9C82EC}"
EndProject
Project("{9A19103F-16F7-4668-BE54-9A1E7A4F7556}") = "Plugin.Pdd.Extension", "Plugins\Plugin.Pdd.Extension\Plugin.Pdd.Extension.csproj", "{CB5B4157-02D5-404E-8804-15A701151DB1}"
EndProject
Project("{9A19103F-16F7-4668-BE54-9A1E7A4F7556}") = "Plugin.Suning.Extension", "Plugins\Plugin.Suning.Extension\Plugin.Suning.Extension.csproj", "{3017AA78-F3C9-467D-A762-2896F8639B6B}"
EndProject
Project("{9A19103F-16F7-4668-BE54-9A1E7A4F7556}") = "Plugin.Vip.Extension", "Plugins\Plugin.Vip.Extension\Plugin.Vip.Extension.csproj", "{A717900C-3AA6-4DC5-B1A9-D01376CC0248}"
EndProject
Project("{9A19103F-16F7-4668-BE54-9A1E7A4F7556}") = "ShoppingPeeker.DomainEntity", "ShoppingPeeker.DomainEntity\ShoppingPeeker.DomainEntity.csproj", "{442F1B5B-FA5E-497B-8D83-C79CCF8B66EE}"
EndProject
Project("{9A19103F-16F7-4668-BE54-9A1E7A4F7556}") = "ShoppingPeeker.DbManage", "ShoppingPeeker.DbManage\ShoppingPeeker.DbManage.csproj", "{4DB3E097-94D8-4D9F-824E-ED3F396D87EF}"
EndProject
Project("{9A19103F-16F7-4668-BE54-9A1E7A4F7556}") = "ShoppingPeeker.DbManage.Tests", "ShoppingPeeker.DbManage.Tests\ShoppingPeeker.DbManage.Tests.csproj", "{0A5D116F-8858-41FF-9180-483C383AC896}"
EndProject
Project("{9A19103F-16F7-4668-BE54-9A1E7A4F7556}") = "ShoppingPeeker.Data", "ShoppingPeeker.Data\ShoppingPeeker.Data.csproj", "{96ED6772-1908-4814-BFA2-53FD0F29AC7C}"
EndProject
Project("{9A19103F-16F7-4668-BE54-9A1E7A4F7556}") = "ShoppingPeeker.BusinessServices.Tests", "ShoppingPeeker.BusinessServices.Tests\ShoppingPeeker.BusinessServices.Tests.csproj", "{F0D067F2-6010-40BE-8E7A-680A799C4C79}"
EndProject
Project("{9A19103F-16F7-4668-BE54-9A1E7A4F7556}") = "ShoppingPeeker.BusinessServices", "ShoppingPeeker.BusinessServices\ShoppingPeeker.BusinessServices.csproj", "{F8D7E44A-A5FB-4894-ACF7-7EB289D7384D}"
EndProject
Global
	GlobalSection(SolutionConfigurationPlatforms) = preSolution
		Debug|Any CPU = Debug|Any CPU
		Release|Any CPU = Release|Any CPU
		ReleaseNET40_Only|Any CPU = ReleaseNET40_Only|Any CPU
	EndGlobalSection
	GlobalSection(ProjectConfigurationPlatforms) = postSolution
		{38DA9C4A-2F9F-4D9C-A69E-26234B34A51C}.Debug|Any CPU.ActiveCfg = Debug|Any CPU
		{38DA9C4A-2F9F-4D9C-A69E-26234B34A51C}.Debug|Any CPU.Build.0 = Debug|Any CPU
		{38DA9C4A-2F9F-4D9C-A69E-26234B34A51C}.Release|Any CPU.ActiveCfg = Release|Any CPU
		{38DA9C4A-2F9F-4D9C-A69E-26234B34A51C}.Release|Any CPU.Build.0 = Release|Any CPU
		{38DA9C4A-2F9F-4D9C-A69E-26234B34A51C}.ReleaseNET40_Only|Any CPU.ActiveCfg = Release|Any CPU
		{38DA9C4A-2F9F-4D9C-A69E-26234B34A51C}.ReleaseNET40_Only|Any CPU.Build.0 = Release|Any CPU
		{03F6E346-6C10-4AB2-A3E5-C5B034DC4F00}.Debug|Any CPU.ActiveCfg = Debug|Any CPU
		{03F6E346-6C10-4AB2-A3E5-C5B034DC4F00}.Debug|Any CPU.Build.0 = Debug|Any CPU
		{03F6E346-6C10-4AB2-A3E5-C5B034DC4F00}.Release|Any CPU.ActiveCfg = Release|Any CPU
		{03F6E346-6C10-4AB2-A3E5-C5B034DC4F00}.Release|Any CPU.Build.0 = Release|Any CPU
		{03F6E346-6C10-4AB2-A3E5-C5B034DC4F00}.ReleaseNET40_Only|Any CPU.ActiveCfg = Release|Any CPU
		{03F6E346-6C10-4AB2-A3E5-C5B034DC4F00}.ReleaseNET40_Only|Any CPU.Build.0 = Release|Any CPU
		{42C160F5-A91C-45E9-BAE5-EA87DA7D6A1D}.Debug|Any CPU.ActiveCfg = Debug|Any CPU
		{42C160F5-A91C-45E9-BAE5-EA87DA7D6A1D}.Debug|Any CPU.Build.0 = Debug|Any CPU
		{42C160F5-A91C-45E9-BAE5-EA87DA7D6A1D}.Release|Any CPU.ActiveCfg = Release|Any CPU
		{42C160F5-A91C-45E9-BAE5-EA87DA7D6A1D}.Release|Any CPU.Build.0 = Release|Any CPU
		{42C160F5-A91C-45E9-BAE5-EA87DA7D6A1D}.ReleaseNET40_Only|Any CPU.ActiveCfg = Release|Any CPU
		{42C160F5-A91C-45E9-BAE5-EA87DA7D6A1D}.ReleaseNET40_Only|Any CPU.Build.0 = Release|Any CPU
		{8B3809F3-75B0-4509-B539-35D3472A368C}.Debug|Any CPU.ActiveCfg = Debug|Any CPU
		{8B3809F3-75B0-4509-B539-35D3472A368C}.Debug|Any CPU.Build.0 = Debug|Any CPU
		{8B3809F3-75B0-4509-B539-35D3472A368C}.Release|Any CPU.ActiveCfg = Release|Any CPU
		{8B3809F3-75B0-4509-B539-35D3472A368C}.Release|Any CPU.Build.0 = Release|Any CPU
		{8B3809F3-75B0-4509-B539-35D3472A368C}.ReleaseNET40_Only|Any CPU.ActiveCfg = Release|Any CPU
		{8B3809F3-75B0-4509-B539-35D3472A368C}.ReleaseNET40_Only|Any CPU.Build.0 = Release|Any CPU
		{98EFA258-8496-4172-AA4D-521D998CE465}.Debug|Any CPU.ActiveCfg = Debug|Any CPU
		{98EFA258-8496-4172-AA4D-521D998CE465}.Debug|Any CPU.Build.0 = Debug|Any CPU
		{98EFA258-8496-4172-AA4D-521D998CE465}.Release|Any CPU.ActiveCfg = Release|Any CPU
		{98EFA258-8496-4172-AA4D-521D998CE465}.Release|Any CPU.Build.0 = Release|Any CPU
		{98EFA258-8496-4172-AA4D-521D998CE465}.ReleaseNET40_Only|Any CPU.ActiveCfg = Release|Any CPU
		{98EFA258-8496-4172-AA4D-521D998CE465}.ReleaseNET40_Only|Any CPU.Build.0 = Release|Any CPU
		{6957713E-23D8-45C6-B2BE-5AD74E0DA36F}.Debug|Any CPU.ActiveCfg = Debug|Any CPU
		{6957713E-23D8-45C6-B2BE-5AD74E0DA36F}.Debug|Any CPU.Build.0 = Debug|Any CPU
		{6957713E-23D8-45C6-B2BE-5AD74E0DA36F}.Release|Any CPU.ActiveCfg = Release|Any CPU
		{6957713E-23D8-45C6-B2BE-5AD74E0DA36F}.Release|Any CPU.Build.0 = Release|Any CPU
		{6957713E-23D8-45C6-B2BE-5AD74E0DA36F}.ReleaseNET40_Only|Any CPU.ActiveCfg = Release|Any CPU
		{6957713E-23D8-45C6-B2BE-5AD74E0DA36F}.ReleaseNET40_Only|Any CPU.Build.0 = Release|Any CPU
		{2F67467F-2530-4B1E-94AE-4E933BBDD4BA}.Debug|Any CPU.ActiveCfg = Debug|Any CPU
		{2F67467F-2530-4B1E-94AE-4E933BBDD4BA}.Debug|Any CPU.Build.0 = Debug|Any CPU
		{2F67467F-2530-4B1E-94AE-4E933BBDD4BA}.Release|Any CPU.ActiveCfg = Release|Any CPU
		{2F67467F-2530-4B1E-94AE-4E933BBDD4BA}.Release|Any CPU.Build.0 = Release|Any CPU
		{2F67467F-2530-4B1E-94AE-4E933BBDD4BA}.ReleaseNET40_Only|Any CPU.ActiveCfg = Release|Any CPU
		{2F67467F-2530-4B1E-94AE-4E933BBDD4BA}.ReleaseNET40_Only|Any CPU.Build.0 = Release|Any CPU
		{203D606F-97FC-4BA5-AAF6-58F2208A66B0}.Debug|Any CPU.ActiveCfg = Debug|Any CPU
		{203D606F-97FC-4BA5-AAF6-58F2208A66B0}.Debug|Any CPU.Build.0 = Debug|Any CPU
		{203D606F-97FC-4BA5-AAF6-58F2208A66B0}.Release|Any CPU.ActiveCfg = Release|Any CPU
		{203D606F-97FC-4BA5-AAF6-58F2208A66B0}.Release|Any CPU.Build.0 = Release|Any CPU
		{203D606F-97FC-4BA5-AAF6-58F2208A66B0}.ReleaseNET40_Only|Any CPU.ActiveCfg = Release|Any CPU
		{203D606F-97FC-4BA5-AAF6-58F2208A66B0}.ReleaseNET40_Only|Any CPU.Build.0 = Release|Any CPU
		{0BEE133C-9001-4C4C-91E8-72CD45AC1408}.Debug|Any CPU.ActiveCfg = Debug|Any CPU
		{0BEE133C-9001-4C4C-91E8-72CD45AC1408}.Debug|Any CPU.Build.0 = Debug|Any CPU
		{0BEE133C-9001-4C4C-91E8-72CD45AC1408}.Release|Any CPU.ActiveCfg = Release|Any CPU
		{0BEE133C-9001-4C4C-91E8-72CD45AC1408}.Release|Any CPU.Build.0 = Release|Any CPU
		{0BEE133C-9001-4C4C-91E8-72CD45AC1408}.ReleaseNET40_Only|Any CPU.ActiveCfg = Release|Any CPU
		{0BEE133C-9001-4C4C-91E8-72CD45AC1408}.ReleaseNET40_Only|Any CPU.Build.0 = Release|Any CPU
		{753E97E9-CB92-4E70-8679-2AE4CAFA06F1}.Debug|Any CPU.ActiveCfg = Debug|Any CPU
		{753E97E9-CB92-4E70-8679-2AE4CAFA06F1}.Debug|Any CPU.Build.0 = Debug|Any CPU
		{753E97E9-CB92-4E70-8679-2AE4CAFA06F1}.Release|Any CPU.ActiveCfg = Release|Any CPU
		{753E97E9-CB92-4E70-8679-2AE4CAFA06F1}.Release|Any CPU.Build.0 = Release|Any CPU
		{753E97E9-CB92-4E70-8679-2AE4CAFA06F1}.ReleaseNET40_Only|Any CPU.ActiveCfg = Release|Any CPU
		{753E97E9-CB92-4E70-8679-2AE4CAFA06F1}.ReleaseNET40_Only|Any CPU.Build.0 = Release|Any CPU
		{D6F8B678-0C59-46B5-A340-D0FECC7BE12D}.Debug|Any CPU.ActiveCfg = Debug|Any CPU
		{D6F8B678-0C59-46B5-A340-D0FECC7BE12D}.Debug|Any CPU.Build.0 = Debug|Any CPU
		{D6F8B678-0C59-46B5-A340-D0FECC7BE12D}.Release|Any CPU.ActiveCfg = Release|Any CPU
		{D6F8B678-0C59-46B5-A340-D0FECC7BE12D}.Release|Any CPU.Build.0 = Release|Any CPU
		{D6F8B678-0C59-46B5-A340-D0FECC7BE12D}.ReleaseNET40_Only|Any CPU.ActiveCfg = Release|Any CPU
		{D6F8B678-0C59-46B5-A340-D0FECC7BE12D}.ReleaseNET40_Only|Any CPU.Build.0 = Release|Any CPU
		{8309A2BD-59D7-445A-992F-8B99BB80BBA9}.Debug|Any CPU.ActiveCfg = Debug|Any CPU
		{8309A2BD-59D7-445A-992F-8B99BB80BBA9}.Debug|Any CPU.Build.0 = Debug|Any CPU
		{8309A2BD-59D7-445A-992F-8B99BB80BBA9}.Release|Any CPU.ActiveCfg = Release|Any CPU
		{8309A2BD-59D7-445A-992F-8B99BB80BBA9}.Release|Any CPU.Build.0 = Release|Any CPU
		{8309A2BD-59D7-445A-992F-8B99BB80BBA9}.ReleaseNET40_Only|Any CPU.ActiveCfg = Release|Any CPU
		{8309A2BD-59D7-445A-992F-8B99BB80BBA9}.ReleaseNET40_Only|Any CPU.Build.0 = Release|Any CPU
		{9DBE73C0-EBA7-4B61-97D6-94C5AF9C82EC}.Debug|Any CPU.ActiveCfg = Debug|Any CPU
		{9DBE73C0-EBA7-4B61-97D6-94C5AF9C82EC}.Debug|Any CPU.Build.0 = Debug|Any CPU
		{9DBE73C0-EBA7-4B61-97D6-94C5AF9C82EC}.Release|Any CPU.ActiveCfg = Release|Any CPU
		{9DBE73C0-EBA7-4B61-97D6-94C5AF9C82EC}.Release|Any CPU.Build.0 = Release|Any CPU
		{9DBE73C0-EBA7-4B61-97D6-94C5AF9C82EC}.ReleaseNET40_Only|Any CPU.ActiveCfg = Release|Any CPU
		{9DBE73C0-EBA7-4B61-97D6-94C5AF9C82EC}.ReleaseNET40_Only|Any CPU.Build.0 = Release|Any CPU
		{CB5B4157-02D5-404E-8804-15A701151DB1}.Debug|Any CPU.ActiveCfg = Debug|Any CPU
		{CB5B4157-02D5-404E-8804-15A701151DB1}.Debug|Any CPU.Build.0 = Debug|Any CPU
		{CB5B4157-02D5-404E-8804-15A701151DB1}.Release|Any CPU.ActiveCfg = Release|Any CPU
		{CB5B4157-02D5-404E-8804-15A701151DB1}.Release|Any CPU.Build.0 = Release|Any CPU
		{CB5B4157-02D5-404E-8804-15A701151DB1}.ReleaseNET40_Only|Any CPU.ActiveCfg = Release|Any CPU
		{CB5B4157-02D5-404E-8804-15A701151DB1}.ReleaseNET40_Only|Any CPU.Build.0 = Release|Any CPU
		{3017AA78-F3C9-467D-A762-2896F8639B6B}.Debug|Any CPU.ActiveCfg = Debug|Any CPU
		{3017AA78-F3C9-467D-A762-2896F8639B6B}.Debug|Any CPU.Build.0 = Debug|Any CPU
		{3017AA78-F3C9-467D-A762-2896F8639B6B}.Release|Any CPU.ActiveCfg = Release|Any CPU
		{3017AA78-F3C9-467D-A762-2896F8639B6B}.Release|Any CPU.Build.0 = Release|Any CPU
		{3017AA78-F3C9-467D-A762-2896F8639B6B}.ReleaseNET40_Only|Any CPU.ActiveCfg = Release|Any CPU
		{3017AA78-F3C9-467D-A762-2896F8639B6B}.ReleaseNET40_Only|Any CPU.Build.0 = Release|Any CPU
		{A717900C-3AA6-4DC5-B1A9-D01376CC0248}.Debug|Any CPU.ActiveCfg = Debug|Any CPU
		{A717900C-3AA6-4DC5-B1A9-D01376CC0248}.Debug|Any CPU.Build.0 = Debug|Any CPU
		{A717900C-3AA6-4DC5-B1A9-D01376CC0248}.Release|Any CPU.ActiveCfg = Release|Any CPU
		{A717900C-3AA6-4DC5-B1A9-D01376CC0248}.Release|Any CPU.Build.0 = Release|Any CPU
		{A717900C-3AA6-4DC5-B1A9-D01376CC0248}.ReleaseNET40_Only|Any CPU.ActiveCfg = Release|Any CPU
		{A717900C-3AA6-4DC5-B1A9-D01376CC0248}.ReleaseNET40_Only|Any CPU.Build.0 = Release|Any CPU
		{442F1B5B-FA5E-497B-8D83-C79CCF8B66EE}.Debug|Any CPU.ActiveCfg = Debug|Any CPU
		{442F1B5B-FA5E-497B-8D83-C79CCF8B66EE}.Debug|Any CPU.Build.0 = Debug|Any CPU
		{442F1B5B-FA5E-497B-8D83-C79CCF8B66EE}.Release|Any CPU.ActiveCfg = Release|Any CPU
		{442F1B5B-FA5E-497B-8D83-C79CCF8B66EE}.Release|Any CPU.Build.0 = Release|Any CPU
		{442F1B5B-FA5E-497B-8D83-C79CCF8B66EE}.ReleaseNET40_Only|Any CPU.ActiveCfg = Release|Any CPU
		{442F1B5B-FA5E-497B-8D83-C79CCF8B66EE}.ReleaseNET40_Only|Any CPU.Build.0 = Release|Any CPU
		{4DB3E097-94D8-4D9F-824E-ED3F396D87EF}.Debug|Any CPU.ActiveCfg = Debug|Any CPU
		{4DB3E097-94D8-4D9F-824E-ED3F396D87EF}.Debug|Any CPU.Build.0 = Debug|Any CPU
		{4DB3E097-94D8-4D9F-824E-ED3F396D87EF}.Release|Any CPU.ActiveCfg = Release|Any CPU
		{4DB3E097-94D8-4D9F-824E-ED3F396D87EF}.Release|Any CPU.Build.0 = Release|Any CPU
		{4DB3E097-94D8-4D9F-824E-ED3F396D87EF}.ReleaseNET40_Only|Any CPU.ActiveCfg = Release|Any CPU
		{4DB3E097-94D8-4D9F-824E-ED3F396D87EF}.ReleaseNET40_Only|Any CPU.Build.0 = Release|Any CPU
		{0A5D116F-8858-41FF-9180-483C383AC896}.Debug|Any CPU.ActiveCfg = Debug|Any CPU
		{0A5D116F-8858-41FF-9180-483C383AC896}.Debug|Any CPU.Build.0 = Debug|Any CPU
		{0A5D116F-8858-41FF-9180-483C383AC896}.Release|Any CPU.ActiveCfg = Release|Any CPU
		{0A5D116F-8858-41FF-9180-483C383AC896}.Release|Any CPU.Build.0 = Release|Any CPU
		{0A5D116F-8858-41FF-9180-483C383AC896}.ReleaseNET40_Only|Any CPU.ActiveCfg = Release|Any CPU
		{0A5D116F-8858-41FF-9180-483C383AC896}.ReleaseNET40_Only|Any CPU.Build.0 = Release|Any CPU
		{96ED6772-1908-4814-BFA2-53FD0F29AC7C}.Debug|Any CPU.ActiveCfg = Debug|Any CPU
		{96ED6772-1908-4814-BFA2-53FD0F29AC7C}.Debug|Any CPU.Build.0 = Debug|Any CPU
		{96ED6772-1908-4814-BFA2-53FD0F29AC7C}.Release|Any CPU.ActiveCfg = Release|Any CPU
		{96ED6772-1908-4814-BFA2-53FD0F29AC7C}.Release|Any CPU.Build.0 = Release|Any CPU
		{96ED6772-1908-4814-BFA2-53FD0F29AC7C}.ReleaseNET40_Only|Any CPU.ActiveCfg = Release|Any CPU
		{96ED6772-1908-4814-BFA2-53FD0F29AC7C}.ReleaseNET40_Only|Any CPU.Build.0 = Release|Any CPU
		{F0D067F2-6010-40BE-8E7A-680A799C4C79}.Debug|Any CPU.ActiveCfg = Debug|Any CPU
		{F0D067F2-6010-40BE-8E7A-680A799C4C79}.Debug|Any CPU.Build.0 = Debug|Any CPU
		{F0D067F2-6010-40BE-8E7A-680A799C4C79}.Release|Any CPU.ActiveCfg = Release|Any CPU
		{F0D067F2-6010-40BE-8E7A-680A799C4C79}.Release|Any CPU.Build.0 = Release|Any CPU
		{F0D067F2-6010-40BE-8E7A-680A799C4C79}.ReleaseNET40_Only|Any CPU.ActiveCfg = Release|Any CPU
		{F0D067F2-6010-40BE-8E7A-680A799C4C79}.ReleaseNET40_Only|Any CPU.Build.0 = Release|Any CPU
		{F8D7E44A-A5FB-4894-ACF7-7EB289D7384D}.Debug|Any CPU.ActiveCfg = Debug|Any CPU
		{F8D7E44A-A5FB-4894-ACF7-7EB289D7384D}.Debug|Any CPU.Build.0 = Debug|Any CPU
		{F8D7E44A-A5FB-4894-ACF7-7EB289D7384D}.Release|Any CPU.ActiveCfg = Release|Any CPU
		{F8D7E44A-A5FB-4894-ACF7-7EB289D7384D}.Release|Any CPU.Build.0 = Release|Any CPU
		{F8D7E44A-A5FB-4894-ACF7-7EB289D7384D}.ReleaseNET40_Only|Any CPU.ActiveCfg = Release|Any CPU
		{F8D7E44A-A5FB-4894-ACF7-7EB289D7384D}.ReleaseNET40_Only|Any CPU.Build.0 = Release|Any CPU
	EndGlobalSection
	GlobalSection(SolutionProperties) = preSolution
		HideSolutionNode = FALSE
	EndGlobalSection
	GlobalSection(NestedProjects) = preSolution
		{42C160F5-A91C-45E9-BAE5-EA87DA7D6A1D} = {0A4BA88B-B118-42EF-8FE9-0FE14DB753D5}
		{0A4BA88B-B118-42EF-8FE9-0FE14DB753D5} = {770C2EB9-AAA0-456F-901D-04826637C088}
		{8B3809F3-75B0-4509-B539-35D3472A368C} = {0A4BA88B-B118-42EF-8FE9-0FE14DB753D5}
		{98EFA258-8496-4172-AA4D-521D998CE465} = {0A4BA88B-B118-42EF-8FE9-0FE14DB753D5}
		{2F67467F-2530-4B1E-94AE-4E933BBDD4BA} = {7CE5FC32-A3DC-4F18-9DBA-FFA1997D382F}
		{203D606F-97FC-4BA5-AAF6-58F2208A66B0} = {7CE5FC32-A3DC-4F18-9DBA-FFA1997D382F}
		{0BEE133C-9001-4C4C-91E8-72CD45AC1408} = {7CE5FC32-A3DC-4F18-9DBA-FFA1997D382F}
		{753E97E9-CB92-4E70-8679-2AE4CAFA06F1} = {7CE5FC32-A3DC-4F18-9DBA-FFA1997D382F}
		{D6F8B678-0C59-46B5-A340-D0FECC7BE12D} = {7CE5FC32-A3DC-4F18-9DBA-FFA1997D382F}
		{8309A2BD-59D7-445A-992F-8B99BB80BBA9} = {7CE5FC32-A3DC-4F18-9DBA-FFA1997D382F}
		{9DBE73C0-EBA7-4B61-97D6-94C5AF9C82EC} = {7CE5FC32-A3DC-4F18-9DBA-FFA1997D382F}
		{CB5B4157-02D5-404E-8804-15A701151DB1} = {7CE5FC32-A3DC-4F18-9DBA-FFA1997D382F}
		{3017AA78-F3C9-467D-A762-2896F8639B6B} = {7CE5FC32-A3DC-4F18-9DBA-FFA1997D382F}
		{A717900C-3AA6-4DC5-B1A9-D01376CC0248} = {7CE5FC32-A3DC-4F18-9DBA-FFA1997D382F}
		{442F1B5B-FA5E-497B-8D83-C79CCF8B66EE} = {770C2EB9-AAA0-456F-901D-04826637C088}
		{4DB3E097-94D8-4D9F-824E-ED3F396D87EF} = {770C2EB9-AAA0-456F-901D-04826637C088}
		{0A5D116F-8858-41FF-9180-483C383AC896} = {F877357D-C063-4B9E-8A46-EAE186520909}
		{96ED6772-1908-4814-BFA2-53FD0F29AC7C} = {770C2EB9-AAA0-456F-901D-04826637C088}
		{F0D067F2-6010-40BE-8E7A-680A799C4C79} = {F877357D-C063-4B9E-8A46-EAE186520909}
		{F8D7E44A-A5FB-4894-ACF7-7EB289D7384D} = {770C2EB9-AAA0-456F-901D-04826637C088}
	EndGlobalSection
	GlobalSection(ExtensibilityGlobals) = postSolution
		SolutionGuid = {DE4D2FBD-D13D-4D4A-B3E0-4A383D799357}
	EndGlobalSection
EndGlobal
