
Microsoft Visual Studio Solution File, Format Version 12.00
# Visual Studio 15
VisualStudioVersion = 15.0.26730.16
MinimumVisualStudioVersion = 10.0.40219.1
Project("{9A19103F-16F7-4668-BE54-9A1E7A4F7556}") = "ShoppingPeeker.Utilities", "ShoppingPeeker.Utilities\ShoppingPeeker.Utilities.csproj", "{38DA9C4A-2F9F-4D9C-A69E-26234B34A51C}"
EndProject
Project("{9A19103F-16F7-4668-BE54-9A1E7A4F7556}") = "ShoppingPeeker.Web", "ShoppingPeeker.Web\ShoppingPeeker.Web.csproj", "{03F6E346-6C10-4AB2-A3E5-C5B034DC4F00}"
EndProject
Project("{2150E333-8FDC-42A3-9474-1A3956D46DE8}") = "Unit.Test", "Unit.Test", "{F877357D-C063-4B9E-8A46-EAE186520909}"
EndProject
Project("{2150E333-8FDC-42A3-9474-1A3956D46DE8}") = "Libraries", "Libraries", "{770C2EB9-AAA0-456F-901D-04826637C088}"
EndProject
Project("{9A19103F-16F7-4668-BE54-9A1E7A4F7556}") = "NTCPMessage.Portable", "SocketLibrary\NTCPMSG.Portable\NTCPMessage.Portable.csproj", "{42C160F5-A91C-45E9-BAE5-EA87DA7D6A1D}"
EndProject
Project("{2150E333-8FDC-42A3-9474-1A3956D46DE8}") = "SocketLibrary", "SocketLibrary", "{0A4BA88B-B118-42EF-8FE9-0FE14DB753D5}"
EndProject
Project("{9A19103F-16F7-4668-BE54-9A1E7A4F7556}") = "TCPClientTest", "SocketLibrary\TCPClientTest\TCPClientTest.csproj", "{8B3809F3-75B0-4509-B539-35D3472A368C}"
EndProject
Project("{9A19103F-16F7-4668-BE54-9A1E7A4F7556}") = "TCPServerTest", "SocketLibrary\TCPServerTest\TCPServerTest.csproj", "{98EFA258-8496-4172-AA4D-521D998CE465}"
EndProject
Global
	GlobalSection(SolutionConfigurationPlatforms) = preSolution
		Debug|Any CPU = Debug|Any CPU
		Release|Any CPU = Release|Any CPU
		ReleaseNET40_Only|Any CPU = ReleaseNET40_Only|Any CPU
	EndGlobalSection
	GlobalSection(ProjectConfigurationPlatforms) = postSolution
		{38DA9C4A-2F9F-4D9C-A69E-26234B34A51C}.Debug|Any CPU.ActiveCfg = Debug|Any CPU
		{38DA9C4A-2F9F-4D9C-A69E-26234B34A51C}.Debug|Any CPU.Build.0 = Debug|Any CPU
		{38DA9C4A-2F9F-4D9C-A69E-26234B34A51C}.Release|Any CPU.ActiveCfg = Release|Any CPU
		{38DA9C4A-2F9F-4D9C-A69E-26234B34A51C}.Release|Any CPU.Build.0 = Release|Any CPU
		{38DA9C4A-2F9F-4D9C-A69E-26234B34A51C}.ReleaseNET40_Only|Any CPU.ActiveCfg = Release|Any CPU
		{38DA9C4A-2F9F-4D9C-A69E-26234B34A51C}.ReleaseNET40_Only|Any CPU.Build.0 = Release|Any CPU
		{03F6E346-6C10-4AB2-A3E5-C5B034DC4F00}.Debug|Any CPU.ActiveCfg = Debug|Any CPU
		{03F6E346-6C10-4AB2-A3E5-C5B034DC4F00}.Debug|Any CPU.Build.0 = Debug|Any CPU
		{03F6E346-6C10-4AB2-A3E5-C5B034DC4F00}.Release|Any CPU.ActiveCfg = Release|Any CPU
		{03F6E346-6C10-4AB2-A3E5-C5B034DC4F00}.Release|Any CPU.Build.0 = Release|Any CPU
		{03F6E346-6C10-4AB2-A3E5-C5B034DC4F00}.ReleaseNET40_Only|Any CPU.ActiveCfg = Release|Any CPU
		{03F6E346-6C10-4AB2-A3E5-C5B034DC4F00}.ReleaseNET40_Only|Any CPU.Build.0 = Release|Any CPU
		{42C160F5-A91C-45E9-BAE5-EA87DA7D6A1D}.Debug|Any CPU.ActiveCfg = Debug|Any CPU
		{42C160F5-A91C-45E9-BAE5-EA87DA7D6A1D}.Debug|Any CPU.Build.0 = Debug|Any CPU
		{42C160F5-A91C-45E9-BAE5-EA87DA7D6A1D}.Release|Any CPU.ActiveCfg = Release|Any CPU
		{42C160F5-A91C-45E9-BAE5-EA87DA7D6A1D}.Release|Any CPU.Build.0 = Release|Any CPU
		{42C160F5-A91C-45E9-BAE5-EA87DA7D6A1D}.ReleaseNET40_Only|Any CPU.ActiveCfg = Release|Any CPU
		{42C160F5-A91C-45E9-BAE5-EA87DA7D6A1D}.ReleaseNET40_Only|Any CPU.Build.0 = Release|Any CPU
		{8B3809F3-75B0-4509-B539-35D3472A368C}.Debug|Any CPU.ActiveCfg = Debug|Any CPU
		{8B3809F3-75B0-4509-B539-35D3472A368C}.Debug|Any CPU.Build.0 = Debug|Any CPU
		{8B3809F3-75B0-4509-B539-35D3472A368C}.Release|Any CPU.ActiveCfg = Release|Any CPU
		{8B3809F3-75B0-4509-B539-35D3472A368C}.Release|Any CPU.Build.0 = Release|Any CPU
		{8B3809F3-75B0-4509-B539-35D3472A368C}.ReleaseNET40_Only|Any CPU.ActiveCfg = Release|Any CPU
		{8B3809F3-75B0-4509-B539-35D3472A368C}.ReleaseNET40_Only|Any CPU.Build.0 = Release|Any CPU
		{98EFA258-8496-4172-AA4D-521D998CE465}.Debug|Any CPU.ActiveCfg = Debug|Any CPU
		{98EFA258-8496-4172-AA4D-521D998CE465}.Debug|Any CPU.Build.0 = Debug|Any CPU
		{98EFA258-8496-4172-AA4D-521D998CE465}.Release|Any CPU.ActiveCfg = Release|Any CPU
		{98EFA258-8496-4172-AA4D-521D998CE465}.Release|Any CPU.Build.0 = Release|Any CPU
		{98EFA258-8496-4172-AA4D-521D998CE465}.ReleaseNET40_Only|Any CPU.ActiveCfg = Release|Any CPU
		{98EFA258-8496-4172-AA4D-521D998CE465}.ReleaseNET40_Only|Any CPU.Build.0 = Release|Any CPU
	EndGlobalSection
	GlobalSection(SolutionProperties) = preSolution
		HideSolutionNode = FALSE
	EndGlobalSection
	GlobalSection(NestedProjects) = preSolution
		{42C160F5-A91C-45E9-BAE5-EA87DA7D6A1D} = {0A4BA88B-B118-42EF-8FE9-0FE14DB753D5}
		{0A4BA88B-B118-42EF-8FE9-0FE14DB753D5} = {770C2EB9-AAA0-456F-901D-04826637C088}
		{8B3809F3-75B0-4509-B539-35D3472A368C} = {0A4BA88B-B118-42EF-8FE9-0FE14DB753D5}
		{98EFA258-8496-4172-AA4D-521D998CE465} = {0A4BA88B-B118-42EF-8FE9-0FE14DB753D5}
	EndGlobalSection
	GlobalSection(ExtensibilityGlobals) = postSolution
		SolutionGuid = {DE4D2FBD-D13D-4D4A-B3E0-4A383D799357}
	EndGlobalSection
EndGlobal
